
Microsoft Visual Studio Solution File, Format Version 12.00
# Visual Studio 15
VisualStudioVersion = 15.0.28307.1062
MinimumVisualStudioVersion = 10.0.40219.1
Project("{FAE04EC0-301F-11D3-BF4B-00C04F79EFBC}") = "OrderDemo", "OrderDemo\OrderDemo.csproj", "{692E83F4-6C35-4140-8875-BD61F723A060}"
EndProject
Project("{FAE04EC0-301F-11D3-BF4B-00C04F79EFBC}") = "Model", "Model\Model.csproj", "{D57B24B6-74F3-4B77-B786-E9389440987C}"
EndProject
Project("{FAE04EC0-301F-11D3-BF4B-00C04F79EFBC}") = "DAL", "DAL\DAL.csproj", "{11824A59-F36A-4E55-90AF-F3C5CDC251EF}"
EndProject
Project("{FAE04EC0-301F-11D3-BF4B-00C04F79EFBC}") = "BLL", "BLL\BLL.csproj", "{C1D30570-4467-4B80-8C95-CB7EFADF8690}"
EndProject
Global
	GlobalSection(SolutionConfigurationPlatforms) = preSolution
		Debug|Any CPU = Debug|Any CPU
		Release|Any CPU = Release|Any CPU
	EndGlobalSection
	GlobalSection(ProjectConfigurationPlatforms) = postSolution
		{692E83F4-6C35-4140-8875-BD61F723A060}.Debug|Any CPU.ActiveCfg = Debug|Any CPU
		{692E83F4-6C35-4140-8875-BD61F723A060}.Debug|Any CPU.Build.0 = Debug|Any CPU
		{692E83F4-6C35-4140-8875-BD61F723A060}.Release|Any CPU.ActiveCfg = Release|Any CPU
		{692E83F4-6C35-4140-8875-BD61F723A060}.Release|Any CPU.Build.0 = Release|Any CPU
		{D57B24B6-74F3-4B77-B786-E9389440987C}.Debug|Any CPU.ActiveCfg = Debug|Any CPU
		{D57B24B6-74F3-4B77-B786-E9389440987C}.Debug|Any CPU.Build.0 = Debug|Any CPU
		{D57B24B6-74F3-4B77-B786-E9389440987C}.Release|Any CPU.ActiveCfg = Release|Any CPU
		{D57B24B6-74F3-4B77-B786-E9389440987C}.Release|Any CPU.Build.0 = Release|Any CPU
		{11824A59-F36A-4E55-90AF-F3C5CDC251EF}.Debug|Any CPU.ActiveCfg = Debug|Any CPU
		{11824A59-F36A-4E55-90AF-F3C5CDC251EF}.Debug|Any CPU.Build.0 = Debug|Any CPU
		{11824A59-F36A-4E55-90AF-F3C5CDC251EF}.Release|Any CPU.ActiveCfg = Release|Any CPU
		{11824A59-F36A-4E55-90AF-F3C5CDC251EF}.Release|Any CPU.Build.0 = Release|Any CPU
		{C1D30570-4467-4B80-8C95-CB7EFADF8690}.Debug|Any CPU.ActiveCfg = Debug|Any CPU
		{C1D30570-4467-4B80-8C95-CB7EFADF8690}.Debug|Any CPU.Build.0 = Debug|Any CPU
		{C1D30570-4467-4B80-8C95-CB7EFADF8690}.Release|Any CPU.ActiveCfg = Release|Any CPU
		{C1D30570-4467-4B80-8C95-CB7EFADF8690}.Release|Any CPU.Build.0 = Release|Any CPU
	EndGlobalSection
	GlobalSection(SolutionProperties) = preSolution
		HideSolutionNode = FALSE
	EndGlobalSection
	GlobalSection(ExtensibilityGlobals) = postSolution
		SolutionGuid = {73027E7B-FE0A-410A-A52E-AE1069602537}
	EndGlobalSection
EndGlobal
